{
  "name": "smart-thinking-mcp",
  "version": "16.3.0",
  "lockfileVersion": 3,
  "requires": true,
  "packages": {
    "": {
      "name": "smart-thinking-mcp",
      "version": "16.3.0",
      "bin": {
        "smart-thinking-mcp": "bin/smart-thinking.mjs"
      },
      "engines": {
        "node": ">=22.16.0"
      }
    }
  }
}
